
Microsoft Visual Studio Solution File, Format Version 12.00
# Visual Studio Version 17
VisualStudioVersion = 17.3.32929.385
MinimumVisualStudioVersion = 10.0.40219.1
Project("{FAE04EC0-301F-11D3-BF4B-00C04F79EFBC}") = "Process-Dism", "Process-Dism\Process-Dism.csproj", "{5E11BE80-2F06-4720-8844-B08EA347B471}"
EndProject
Global
	GlobalSection(SolutionConfigurationPlatforms) = preSolution
		Debug|Any CPU = Debug|Any CPU
		Release|Any CPU = Release|Any CPU
	EndGlobalSection
	GlobalSection(ProjectConfigurationPlatforms) = postSolution
		{5E11BE80-2F06-4720-8844-B08EA347B471}.Debug|Any CPU.ActiveCfg = Debug|Any CPU
		{5E11BE80-2F06-4720-8844-B08EA347B471}.Debug|Any CPU.Build.0 = Debug|Any CPU
		{5E11BE80-2F06-4720-8844-B08EA347B471}.Release|Any CPU.ActiveCfg = Release|Any CPU
		{5E11BE80-2F06-4720-8844-B08EA347B471}.Release|Any CPU.Build.0 = Release|Any CPU
	EndGlobalSection
	GlobalSection(SolutionProperties) = preSolution
		HideSolutionNode = FALSE
	EndGlobalSection
	GlobalSection(ExtensibilityGlobals) = postSolution
		SolutionGuid = {268DFAD0-8E47-4673-8DBF-4AE0E42F4C11}
	EndGlobalSection
EndGlobal
